
Microsoft Visual Studio Solution File, Format Version 12.00
# Visual Studio Version 17
VisualStudioVersion = 17.4.33205.214
MinimumVisualStudioVersion = 10.0.40219.1
Project("{9A19103F-16F7-4668-BE54-9A1E7A4F7556}") = "Rayco-Planner", "Rayco-Planner.csproj", "{C2D40BE1-E18C-4919-8DD4-D168BC8EEAF9}"
EndProject
Global
	GlobalSection(SolutionConfigurationPlatforms) = preSolution
		Debug|Any CPU = Debug|Any CPU
		Release|Any CPU = Release|Any CPU
	EndGlobalSection
	GlobalSection(ProjectConfigurationPlatforms) = postSolution
		{C2D40BE1-E18C-4919-8DD4-D168BC8EEAF9}.Debug|Any CPU.ActiveCfg = Debug|Any CPU
		{C2D40BE1-E18C-4919-8DD4-D168BC8EEAF9}.Debug|Any CPU.Build.0 = Debug|Any CPU
		{C2D40BE1-E18C-4919-8DD4-D168BC8EEAF9}.Release|Any CPU.ActiveCfg = Release|Any CPU
		{C2D40BE1-E18C-4919-8DD4-D168BC8EEAF9}.Release|Any CPU.Build.0 = Release|Any CPU
	EndGlobalSection
	GlobalSection(SolutionProperties) = preSolution
		HideSolutionNode = FALSE
	EndGlobalSection
	GlobalSection(ExtensibilityGlobals) = postSolution
		SolutionGuid = {067E10F6-36D3-438B-AB07-A7C2B590036B}
	EndGlobalSection
EndGlobal
